
Microsoft Visual Studio Solution File, Format Version 12.00
# Visual Studio Version 17
VisualStudioVersion = 17.13.35913.81 d17.13
MinimumVisualStudioVersion = 10.0.40219.1
Project("{FAE04EC0-301F-11D3-BF4B-00C04F79EFBC}") = "azure-devops-mcp-server", "azure-devops-mcp-server.csproj", "{6C1DB632-67AF-4CA8-8182-134F3366CDF1}"
EndProject
Global
	GlobalSection(SolutionConfigurationPlatforms) = preSolution
		Debug|Any CPU = Debug|Any CPU
		Release|Any CPU = Release|Any CPU
	EndGlobalSection
	GlobalSection(ProjectConfigurationPlatforms) = postSolution
		{6C1DB632-67AF-4CA8-8182-134F3366CDF1}.Debug|Any CPU.ActiveCfg = Debug|Any CPU
		{6C1DB632-67AF-4CA8-8182-134F3366CDF1}.Debug|Any CPU.Build.0 = Debug|Any CPU
		{6C1DB632-67AF-4CA8-8182-134F3366CDF1}.Release|Any CPU.ActiveCfg = Release|Any CPU
		{6C1DB632-67AF-4CA8-8182-134F3366CDF1}.Release|Any CPU.Build.0 = Release|Any CPU
	EndGlobalSection
	GlobalSection(SolutionProperties) = preSolution
		HideSolutionNode = FALSE
	EndGlobalSection
	GlobalSection(ExtensibilityGlobals) = postSolution
		SolutionGuid = {1E0C647C-044B-4E9A-BC26-F4EFD31F5E38}
	EndGlobalSection
EndGlobal
