
Microsoft Visual Studio Solution File, Format Version 12.00
# Visual Studio Version 17
VisualStudioVersion = 17.13.35913.81 d17.13
MinimumVisualStudioVersion = 10.0.40219.1
Project("{FAE04EC0-301F-11D3-BF4B-00C04F79EFBC}") = "azure-devops-mcp-client", "azure-devops-mcp-client.csproj", "{38594D06-9FE7-3A40-4343-595F33CBD50A}"
EndProject
Global
	GlobalSection(SolutionConfigurationPlatforms) = preSolution
		Debug|Any CPU = Debug|Any CPU
		Release|Any CPU = Release|Any CPU
	EndGlobalSection
	GlobalSection(ProjectConfigurationPlatforms) = postSolution
		{38594D06-9FE7-3A40-4343-595F33CBD50A}.Debug|Any CPU.ActiveCfg = Debug|Any CPU
		{38594D06-9FE7-3A40-4343-595F33CBD50A}.Debug|Any CPU.Build.0 = Debug|Any CPU
		{38594D06-9FE7-3A40-4343-595F33CBD50A}.Release|Any CPU.ActiveCfg = Release|Any CPU
		{38594D06-9FE7-3A40-4343-595F33CBD50A}.Release|Any CPU.Build.0 = Release|Any CPU
	EndGlobalSection
	GlobalSection(SolutionProperties) = preSolution
		HideSolutionNode = FALSE
	EndGlobalSection
	GlobalSection(ExtensibilityGlobals) = postSolution
		SolutionGuid = {19AB1280-14DA-4A09-8307-4984D09267A3}
	EndGlobalSection
EndGlobal
